
Microsoft Visual Studio Solution File, Format Version 12.00
# Visual Studio 15
VisualStudioVersion = 15.0.28010.2026
MinimumVisualStudioVersion = 10.0.40219.1
Project("{FAE04EC0-301F-11D3-BF4B-00C04F79EFBC}") = "StylecopMiao", "StylecopMiao\StylecopMiao.csproj", "{8FA1F3EC-2CF5-4367-A0C2-591BEC56E13C}"
EndProject
Project("{FAE04EC0-301F-11D3-BF4B-00C04F79EFBC}") = "MiaoRule", "MiaoRule\MiaoRule.csproj", "{BD533089-0853-4BE0-850C-60D711D5C4D7}"
EndProject
Global
	GlobalSection(SolutionConfigurationPlatforms) = preSolution
		Debug|Any CPU = Debug|Any CPU
		Release|Any CPU = Release|Any CPU
	EndGlobalSection
	GlobalSection(ProjectConfigurationPlatforms) = postSolution
		{8FA1F3EC-2CF5-4367-A0C2-591BEC56E13C}.Debug|Any CPU.ActiveCfg = Debug|Any CPU
		{8FA1F3EC-2CF5-4367-A0C2-591BEC56E13C}.Debug|Any CPU.Build.0 = Debug|Any CPU
		{8FA1F3EC-2CF5-4367-A0C2-591BEC56E13C}.Release|Any CPU.ActiveCfg = Release|Any CPU
		{8FA1F3EC-2CF5-4367-A0C2-591BEC56E13C}.Release|Any CPU.Build.0 = Release|Any CPU
		{BD533089-0853-4BE0-850C-60D711D5C4D7}.Debug|Any CPU.ActiveCfg = Debug|Any CPU
		{BD533089-0853-4BE0-850C-60D711D5C4D7}.Debug|Any CPU.Build.0 = Debug|Any CPU
		{BD533089-0853-4BE0-850C-60D711D5C4D7}.Release|Any CPU.ActiveCfg = Release|Any CPU
		{BD533089-0853-4BE0-850C-60D711D5C4D7}.Release|Any CPU.Build.0 = Release|Any CPU
	EndGlobalSection
	GlobalSection(SolutionProperties) = preSolution
		HideSolutionNode = FALSE
	EndGlobalSection
	GlobalSection(ExtensibilityGlobals) = postSolution
		SolutionGuid = {A524AB06-CE88-454D-9DF6-758EC4C2484C}
	EndGlobalSection
EndGlobal
